// !$*UTF8*$!
{
	archiveVersion = 1;
	classes = {
	};
	objectVersion = 46;
	objects = {

/* Begin PBXBuildFile section */
		2C079C6A1850B7400066DBD7 /* NSString+Util.m in Sources */ = {isa = PBXBuildFile; fileRef = 2C079C691850B7400066DBD7 /* NSString+Util.m */; };
		2C08BDD219F97FB300A009B6 /* KHDVerifiedPaymentViewController.m in Sources */ = {isa = PBXBuildFile; fileRef = 2C08BDD119F97FB300A009B6 /* KHDVerifiedPaymentViewController.m */; };
		2C23B9591856001A00AAF084 /* alertSound.caf in Resources */ = {isa = PBXBuildFile; fileRef = 2C23B9581856001A00AAF084 /* alertSound.caf */; };
		2C23B95C18564C4700AAF084 /* KHDLandingViewController.m in Sources */ = {isa = PBXBuildFile; fileRef = 2C23B95B18564C4700AAF084 /* KHDLandingViewController.m */; };
		2C2AC424184FA38E00C1D6E2 /* Foundation.framework in Frameworks */ = {isa = PBXBuildFile; fileRef = 2C2AC423184FA38E00C1D6E2 /* Foundation.framework */; };
		2C2AC426184FA38E00C1D6E2 /* CoreGraphics.framework in Frameworks */ = {isa = PBXBuildFile; fileRef = 2C2AC425184FA38E00C1D6E2 /* CoreGraphics.framework */; };
		2C2AC428184FA38E00C1D6E2 /* UIKit.framework in Frameworks */ = {isa = PBXBuildFile; fileRef = 2C2AC427184FA38E00C1D6E2 /* UIKit.framework */; };
		2C2AC42E184FA38E00C1D6E2 /* InfoPlist.strings in Resources */ = {isa = PBXBuildFile; fileRef = 2C2AC42C184FA38E00C1D6E2 /* InfoPlist.strings */; };
		2C2AC430184FA38E00C1D6E2 /* main.m in Sources */ = {isa = PBXBuildFile; fileRef = 2C2AC42F184FA38E00C1D6E2 /* main.m */; };
		2C2AC434184FA38E00C1D6E2 /* KHDAppDelegate.m in Sources */ = {isa = PBXBuildFile; fileRef = 2C2AC433184FA38E00C1D6E2 /* KHDAppDelegate.m */; };
		2C2AC437184FA38E00C1D6E2 /* Main_iPhone.storyboard in Resources */ = {isa = PBXBuildFile; fileRef = 2C2AC435184FA38E00C1D6E2 /* Main_iPhone.storyboard */; };
		2C2AC43A184FA38E00C1D6E2 /* Main_iPad.storyboard in Resources */ = {isa = PBXBuildFile; fileRef = 2C2AC438184FA38E00C1D6E2 /* Main_iPad.storyboard */; };
		2C2AC43F184FA38E00C1D6E2 /* Images.xcassets in Resources */ = {isa = PBXBuildFile; fileRef = 2C2AC43E184FA38E00C1D6E2 /* Images.xcassets */; };
		2C2AC45E184FA98500C1D6E2 /* NSData+Base64.m in Sources */ = {isa = PBXBuildFile; fileRef = 2C2AC45D184FA98500C1D6E2 /* NSData+Base64.m */; };
		2C3F5F43185229D6002D4A5D /* background.jpeg in Resources */ = {isa = PBXBuildFile; fileRef = 2C3F5F42185229D6002D4A5D /* background.jpeg */; };
		2C3F5F4518523860002D4A5D /* Best-Combo-Restaurant_1.jpg in Resources */ = {isa = PBXBuildFile; fileRef = 2C3F5F4418523860002D4A5D /* Best-Combo-Restaurant_1.jpg */; };
		2C3F5F47185238B0002D4A5D /* Best-Combo-Restaurant_2.jpg in Resources */ = {isa = PBXBuildFile; fileRef = 2C3F5F46185238B0002D4A5D /* Best-Combo-Restaurant_2.jpg */; };
		2C3F5F491852441D002D4A5D /* Best-Combo-Restaurant_3.jpeg in Resources */ = {isa = PBXBuildFile; fileRef = 2C3F5F481852441D002D4A5D /* Best-Combo-Restaurant_3.jpeg */; };
		2C3F5F4D1852483B002D4A5D /* KHDComboDetailsViewController.m in Sources */ = {isa = PBXBuildFile; fileRef = 2C3F5F4C1852483B002D4A5D /* KHDComboDetailsViewController.m */; };
		2C3F5F5018524EB8002D4A5D /* Main_iPhone_35.storyboard in Resources */ = {isa = PBXBuildFile; fileRef = 2C3F5F4E18524EB8002D4A5D /* Main_iPhone_35.storyboard */; };
/* End PBXBuildFile section */

/* Begin PBXFileReference section */
		2C079C681850B7400066DBD7 /* NSString+Util.h */ = {isa = PBXFileReference; fileEncoding = 4; lastKnownFileType = sourcecode.c.h; path = "NSString+Util.h"; sourceTree = "<group>"; };
		2C079C691850B7400066DBD7 /* NSString+Util.m */ = {isa = PBXFileReference; fileEncoding = 4; lastKnownFileType = sourcecode.c.objc; path = "NSString+Util.m"; sourceTree = "<group>"; };
		2C08BDD019F97FB300A009B6 /* KHDVerifiedPaymentViewController.h */ = {isa = PBXFileReference; fileEncoding = 4; lastKnownFileType = sourcecode.c.h; name = KHDVerifiedPaymentViewController.h; path = classes/KHDVerifiedPaymentViewController.h; sourceTree = "<group>"; };
		2C08BDD119F97FB300A009B6 /* KHDVerifiedPaymentViewController.m */ = {isa = PBXFileReference; fileEncoding = 4; lastKnownFileType = sourcecode.c.objc; name = KHDVerifiedPaymentViewController.m; path = classes/KHDVerifiedPaymentViewController.m; sourceTree = "<group>"; };
		2C23B9581856001A00AAF084 /* alertSound.caf */ = {isa = PBXFileReference; lastKnownFileType = file; path = alertSound.caf; sourceTree = "<group>"; };
		2C23B95A18564C4700AAF084 /* KHDLandingViewController.h */ = {isa = PBXFileReference; fileEncoding = 4; lastKnownFileType = sourcecode.c.h; name = KHDLandingViewController.h; path = classes/KHDLandingViewController.h; sourceTree = "<group>"; };
		2C23B95B18564C4700AAF084 /* KHDLandingViewController.m */ = {isa = PBXFileReference; fileEncoding = 4; lastKnownFileType = sourcecode.c.objc; name = KHDLandingViewController.m; path = classes/KHDLandingViewController.m; sourceTree = "<group>"; };
		2C2AC420184FA38E00C1D6E2 /* Sabores Frescos.app */ = {isa = PBXFileReference; explicitFileType = wrapper.application; includeInIndex = 0; path = "Sabores Frescos.app"; sourceTree = BUILT_PRODUCTS_DIR; };
		2C2AC423184FA38E00C1D6E2 /* Foundation.framework */ = {isa = PBXFileReference; lastKnownFileType = wrapper.framework; name = Foundation.framework; path = System/Library/Frameworks/Foundation.framework; sourceTree = SDKROOT; };
		2C2AC425184FA38E00C1D6E2 /* CoreGraphics.framework */ = {isa = PBXFileReference; lastKnownFileType = wrapper.framework; name = CoreGraphics.framework; path = System/Library/Frameworks/CoreGraphics.framework; sourceTree = SDKROOT; };
		2C2AC427184FA38E00C1D6E2 /* UIKit.framework */ = {isa = PBXFileReference; lastKnownFileType = wrapper.framework; name = UIKit.framework; path = System/Library/Frameworks/UIKit.framework; sourceTree = SDKROOT; };
		2C2AC42B184FA38E00C1D6E2 /* demo-ios-Info.plist */ = {isa = PBXFileReference; lastKnownFileType = text.plist.xml; path = "demo-ios-Info.plist"; sourceTree = "<group>"; };
		2C2AC42D184FA38E00C1D6E2 /* en */ = {isa = PBXFileReference; lastKnownFileType = text.plist.strings; name = en; path = en.lproj/InfoPlist.strings; sourceTree = "<group>"; };
		2C2AC42F184FA38E00C1D6E2 /* main.m */ = {isa = PBXFileReference; lastKnownFileType = sourcecode.c.objc; path = main.m; sourceTree = "<group>"; };
		2C2AC431184FA38E00C1D6E2 /* demo-ios-Prefix.pch */ = {isa = PBXFileReference; lastKnownFileType = sourcecode.c.h; path = "demo-ios-Prefix.pch"; sourceTree = "<group>"; };
		2C2AC432184FA38E00C1D6E2 /* KHDAppDelegate.h */ = {isa = PBXFileReference; lastKnownFileType = sourcecode.c.h; path = KHDAppDelegate.h; sourceTree = "<group>"; };
		2C2AC433184FA38E00C1D6E2 /* KHDAppDelegate.m */ = {isa = PBXFileReference; lastKnownFileType = sourcecode.c.objc; path = KHDAppDelegate.m; sourceTree = "<group>"; };
		2C2AC436184FA38E00C1D6E2 /* Base */ = {isa = PBXFileReference; lastKnownFileType = file.storyboard; name = Base; path = Base.lproj/Main_iPhone.storyboard; sourceTree = "<group>"; };
		2C2AC439184FA38E00C1D6E2 /* Base */ = {isa = PBXFileReference; lastKnownFileType = file.storyboard; name = Base; path = Base.lproj/Main_iPad.storyboard; sourceTree = "<group>"; };
		2C2AC43E184FA38E00C1D6E2 /* Images.xcassets */ = {isa = PBXFileReference; lastKnownFileType = folder.assetcatalog; path = Images.xcassets; sourceTree = "<group>"; };
		2C2AC445184FA38F00C1D6E2 /* XCTest.framework */ = {isa = PBXFileReference; lastKnownFileType = wrapper.framework; name = XCTest.framework; path = Library/Frameworks/XCTest.framework; sourceTree = DEVELOPER_DIR; };
		2C2AC45C184FA98500C1D6E2 /* NSData+Base64.h */ = {isa = PBXFileReference; fileEncoding = 4; lastKnownFileType = sourcecode.c.h; path = "NSData+Base64.h"; sourceTree = "<group>"; };
		2C2AC45D184FA98500C1D6E2 /* NSData+Base64.m */ = {isa = PBXFileReference; fileEncoding = 4; lastKnownFileType = sourcecode.c.objc; path = "NSData+Base64.m"; sourceTree = "<group>"; };
		2C3F5F42185229D6002D4A5D /* background.jpeg */ = {isa = PBXFileReference; lastKnownFileType = image.jpeg; path = background.jpeg; sourceTree = "<group>"; };
		2C3F5F4418523860002D4A5D /* Best-Combo-Restaurant_1.jpg */ = {isa = PBXFileReference; lastKnownFileType = image.jpeg; path = "Best-Combo-Restaurant_1.jpg"; sourceTree = "<group>"; };
		2C3F5F46185238B0002D4A5D /* Best-Combo-Restaurant_2.jpg */ = {isa = PBXFileReference; lastKnownFileType = image.jpeg; path = "Best-Combo-Restaurant_2.jpg"; sourceTree = "<group>"; };
		2C3F5F481852441D002D4A5D /* Best-Combo-Restaurant_3.jpeg */ = {isa = PBXFileReference; lastKnownFileType = image.jpeg; path = "Best-Combo-Restaurant_3.jpeg"; sourceTree = "<group>"; };
		2C3F5F4B1852483B002D4A5D /* KHDComboDetailsViewController.h */ = {isa = PBXFileReference; fileEncoding = 4; lastKnownFileType = sourcecode.c.h; name = KHDComboDetailsViewController.h; path = classes/KHDComboDetailsViewController.h; sourceTree = "<group>"; };
		2C3F5F4C1852483B002D4A5D /* KHDComboDetailsViewController.m */ = {isa = PBXFileReference; fileEncoding = 4; lastKnownFileType = sourcecode.c.objc; name = KHDComboDetailsViewController.m; path = classes/KHDComboDetailsViewController.m; sourceTree = "<group>"; };
		2C3F5F4F18524EB8002D4A5D /* Base */ = {isa = PBXFileReference; lastKnownFileType = file.storyboard; name = Base; path = DemoKhipu/Base.lproj/Main_iPhone_35.storyboard; sourceTree = "<group>"; };
/* End PBXFileReference section */

/* Begin PBXFrameworksBuildPhase section */
		2C2AC41D184FA38E00C1D6E2 /* Frameworks */ = {
			isa = PBXFrameworksBuildPhase;
			buildActionMask = 2147483647;
			files = (
				2C2AC426184FA38E00C1D6E2 /* CoreGraphics.framework in Frameworks */,
				2C2AC428184FA38E00C1D6E2 /* UIKit.framework in Frameworks */,
				2C2AC424184FA38E00C1D6E2 /* Foundation.framework in Frameworks */,
			);
			runOnlyForDeploymentPostprocessing = 0;
		};
/* End PBXFrameworksBuildPhase section */

/* Begin PBXGroup section */
		2C23B9571856001100AAF084 /* Sounds */ = {
			isa = PBXGroup;
			children = (
				2C23B9581856001A00AAF084 /* alertSound.caf */,
			);
			name = Sounds;
			sourceTree = "<group>";
		};
		2C2AC417184FA38E00C1D6E2 = {
			isa = PBXGroup;
			children = (
				2C2AC429184FA38E00C1D6E2 /* demo-ios */,
				2C2AC422184FA38E00C1D6E2 /* Frameworks */,
				2C2AC421184FA38E00C1D6E2 /* Products */,
			);
			sourceTree = "<group>";
		};
		2C2AC421184FA38E00C1D6E2 /* Products */ = {
			isa = PBXGroup;
			children = (
				2C2AC420184FA38E00C1D6E2 /* Sabores Frescos.app */,
			);
			name = Products;
			sourceTree = "<group>";
		};
		2C2AC422184FA38E00C1D6E2 /* Frameworks */ = {
			isa = PBXGroup;
			children = (
				2C2AC423184FA38E00C1D6E2 /* Foundation.framework */,
				2C2AC425184FA38E00C1D6E2 /* CoreGraphics.framework */,
				2C2AC427184FA38E00C1D6E2 /* UIKit.framework */,
				2C2AC445184FA38F00C1D6E2 /* XCTest.framework */,
			);
			name = Frameworks;
			sourceTree = "<group>";
		};
		2C2AC429184FA38E00C1D6E2 /* demo-ios */ = {
			isa = PBXGroup;
			children = (
				2C23B9571856001100AAF084 /* Sounds */,
				2C3F5F4A1852477E002D4A5D /* Controllers */,
				2C3F5F41185229CD002D4A5D /* Images */,
				2C2AC45B184FA97800C1D6E2 /* Categories */,
				2C2AC432184FA38E00C1D6E2 /* KHDAppDelegate.h */,
				2C2AC433184FA38E00C1D6E2 /* KHDAppDelegate.m */,
				2C3F5F4E18524EB8002D4A5D /* Main_iPhone_35.storyboard */,
				2C2AC435184FA38E00C1D6E2 /* Main_iPhone.storyboard */,
				2C2AC438184FA38E00C1D6E2 /* Main_iPad.storyboard */,
				2C2AC43E184FA38E00C1D6E2 /* Images.xcassets */,
				2C2AC42A184FA38E00C1D6E2 /* Supporting Files */,
			);
			name = "demo-ios";
			path = DemoKhipu;
			sourceTree = "<group>";
		};
		2C2AC42A184FA38E00C1D6E2 /* Supporting Files */ = {
			isa = PBXGroup;
			children = (
				2C2AC42B184FA38E00C1D6E2 /* demo-ios-Info.plist */,
				2C2AC42C184FA38E00C1D6E2 /* InfoPlist.strings */,
				2C2AC42F184FA38E00C1D6E2 /* main.m */,
				2C2AC431184FA38E00C1D6E2 /* demo-ios-Prefix.pch */,
			);
			name = "Supporting Files";
			sourceTree = "<group>";
		};
		2C2AC45B184FA97800C1D6E2 /* Categories */ = {
			isa = PBXGroup;
			children = (
				2C2AC45C184FA98500C1D6E2 /* NSData+Base64.h */,
				2C2AC45D184FA98500C1D6E2 /* NSData+Base64.m */,
				2C079C681850B7400066DBD7 /* NSString+Util.h */,
				2C079C691850B7400066DBD7 /* NSString+Util.m */,
			);
			name = Categories;
			sourceTree = "<group>";
		};
		2C3F5F41185229CD002D4A5D /* Images */ = {
			isa = PBXGroup;
			children = (
				2C3F5F42185229D6002D4A5D /* background.jpeg */,
				2C3F5F4418523860002D4A5D /* Best-Combo-Restaurant_1.jpg */,
				2C3F5F46185238B0002D4A5D /* Best-Combo-Restaurant_2.jpg */,
				2C3F5F481852441D002D4A5D /* Best-Combo-Restaurant_3.jpeg */,
			);
			name = Images;
			sourceTree = "<group>";
		};
		2C3F5F4A1852477E002D4A5D /* Controllers */ = {
			isa = PBXGroup;
			children = (
				2C3F5F4B1852483B002D4A5D /* KHDComboDetailsViewController.h */,
				2C3F5F4C1852483B002D4A5D /* KHDComboDetailsViewController.m */,
				2C23B95A18564C4700AAF084 /* KHDLandingViewController.h */,
				2C23B95B18564C4700AAF084 /* KHDLandingViewController.m */,
				2C08BDD019F97FB300A009B6 /* KHDVerifiedPaymentViewController.h */,
				2C08BDD119F97FB300A009B6 /* KHDVerifiedPaymentViewController.m */,
			);
			name = Controllers;
			sourceTree = "<group>";
		};
/* End PBXGroup section */

/* Begin PBXNativeTarget section */
		2C2AC41F184FA38E00C1D6E2 /* Sabores Frescos */ = {
			isa = PBXNativeTarget;
			buildConfigurationList = 2C2AC455184FA38F00C1D6E2 /* Build configuration list for PBXNativeTarget "Sabores Frescos" */;
			buildPhases = (
				2C2AC41C184FA38E00C1D6E2 /* Sources */,
				2C2AC41D184FA38E00C1D6E2 /* Frameworks */,
				2C2AC41E184FA38E00C1D6E2 /* Resources */,
			);
			buildRules = (
			);
			dependencies = (
			);
			name = "Sabores Frescos";
			productName = DemoKhipu;
			productReference = 2C2AC420184FA38E00C1D6E2 /* Sabores Frescos.app */;
			productType = "com.apple.product-type.application";
		};
/* End PBXNativeTarget section */

/* Begin PBXProject section */
		2C2AC418184FA38E00C1D6E2 /* Project object */ = {
			isa = PBXProject;
			attributes = {
				CLASSPREFIX = KHD;
				LastUpgradeCheck = 0510;
				ORGANIZATIONNAME = khipu;
				TargetAttributes = {
					2C2AC41F184FA38E00C1D6E2 = {
						DevelopmentTeam = 2X63E3W773;
					};
				};
			};
			buildConfigurationList = 2C2AC41B184FA38E00C1D6E2 /* Build configuration list for PBXProject "demo-ios" */;
			compatibilityVersion = "Xcode 3.2";
			developmentRegion = English;
			hasScannedForEncodings = 0;
			knownRegions = (
				en,
				Base,
			);
			mainGroup = 2C2AC417184FA38E00C1D6E2;
			productRefGroup = 2C2AC421184FA38E00C1D6E2 /* Products */;
			projectDirPath = "";
			projectRoot = "";
			targets = (
				2C2AC41F184FA38E00C1D6E2 /* Sabores Frescos */,
			);
		};
/* End PBXProject section */

/* Begin PBXResourcesBuildPhase section */
		2C2AC41E184FA38E00C1D6E2 /* Resources */ = {
			isa = PBXResourcesBuildPhase;
			buildActionMask = 2147483647;
			files = (
				2C2AC43A184FA38E00C1D6E2 /* Main_iPad.storyboard in Resources */,
				2C2AC43F184FA38E00C1D6E2 /* Images.xcassets in Resources */,
				2C3F5F47185238B0002D4A5D /* Best-Combo-Restaurant_2.jpg in Resources */,
				2C23B9591856001A00AAF084 /* alertSound.caf in Resources */,
				2C3F5F5018524EB8002D4A5D /* Main_iPhone_35.storyboard in Resources */,
				2C3F5F491852441D002D4A5D /* Best-Combo-Restaurant_3.jpeg in Resources */,
				2C2AC437184FA38E00C1D6E2 /* Main_iPhone.storyboard in Resources */,
				2C3F5F4518523860002D4A5D /* Best-Combo-Restaurant_1.jpg in Resources */,
				2C2AC42E184FA38E00C1D6E2 /* InfoPlist.strings in Resources */,
				2C3F5F43185229D6002D4A5D /* background.jpeg in Resources */,
			);
			runOnlyForDeploymentPostprocessing = 0;
		};
/* End PBXResourcesBuildPhase section */

/* Begin PBXSourcesBuildPhase section */
		2C2AC41C184FA38E00C1D6E2 /* Sources */ = {
			isa = PBXSourcesBuildPhase;
			buildActionMask = 2147483647;
			files = (
				2C2AC434184FA38E00C1D6E2 /* KHDAppDelegate.m in Sources */,
				2C08BDD219F97FB300A009B6 /* KHDVerifiedPaymentViewController.m in Sources */,
				2C2AC45E184FA98500C1D6E2 /* NSData+Base64.m in Sources */,
				2C079C6A1850B7400066DBD7 /* NSString+Util.m in Sources */,
				2C23B95C18564C4700AAF084 /* KHDLandingViewController.m in Sources */,
				2C3F5F4D1852483B002D4A5D /* KHDComboDetailsViewController.m in Sources */,
				2C2AC430184FA38E00C1D6E2 /* main.m in Sources */,
			);
			runOnlyForDeploymentPostprocessing = 0;
		};
/* End PBXSourcesBuildPhase section */

/* Begin PBXVariantGroup section */
		2C2AC42C184FA38E00C1D6E2 /* InfoPlist.strings */ = {
			isa = PBXVariantGroup;
			children = (
				2C2AC42D184FA38E00C1D6E2 /* en */,
			);
			name = InfoPlist.strings;
			sourceTree = "<group>";
		};
		2C2AC435184FA38E00C1D6E2 /* Main_iPhone.storyboard */ = {
			isa = PBXVariantGroup;
			children = (
				2C2AC436184FA38E00C1D6E2 /* Base */,
			);
			name = Main_iPhone.storyboard;
			sourceTree = "<group>";
		};
		2C2AC438184FA38E00C1D6E2 /* Main_iPad.storyboard */ = {
			isa = PBXVariantGroup;
			children = (
				2C2AC439184FA38E00C1D6E2 /* Base */,
			);
			name = Main_iPad.storyboard;
			sourceTree = "<group>";
		};
		2C3F5F4E18524EB8002D4A5D /* Main_iPhone_35.storyboard */ = {
			isa = PBXVariantGroup;
			children = (
				2C3F5F4F18524EB8002D4A5D /* Base */,
			);
			name = Main_iPhone_35.storyboard;
			path = ..;
			sourceTree = "<group>";
		};
/* End PBXVariantGroup section */

/* Begin XCBuildConfiguration section */
		2C2AC453184FA38F00C1D6E2 /* Debug */ = {
			isa = XCBuildConfiguration;
			buildSettings = {
				ALWAYS_SEARCH_USER_PATHS = NO;
				CLANG_CXX_LANGUAGE_STANDARD = "gnu++0x";
				CLANG_CXX_LIBRARY = "libc++";
				CLANG_ENABLE_MODULES = YES;
				CLANG_ENABLE_OBJC_ARC = YES;
				CLANG_WARN_BOOL_CONVERSION = YES;
				CLANG_WARN_CONSTANT_CONVERSION = YES;
				CLANG_WARN_DIRECT_OBJC_ISA_USAGE = YES_ERROR;
				CLANG_WARN_EMPTY_BODY = YES;
				CLANG_WARN_ENUM_CONVERSION = YES;
				CLANG_WARN_INT_CONVERSION = YES;
				CLANG_WARN_OBJC_ROOT_CLASS = YES_ERROR;
				CLANG_WARN__DUPLICATE_METHOD_MATCH = YES;
				"CODE_SIGN_IDENTITY[sdk=iphoneos*]" = "iPhone Developer";
				COPY_PHASE_STRIP = NO;
				GCC_C_LANGUAGE_STANDARD = gnu99;
				GCC_DYNAMIC_NO_PIC = NO;
				GCC_OPTIMIZATION_LEVEL = 0;
				GCC_PREPROCESSOR_DEFINITIONS = (
					"DEBUG=1",
					"$(inherited)",
				);
				GCC_SYMBOLS_PRIVATE_EXTERN = NO;
				GCC_WARN_64_TO_32_BIT_CONVERSION = YES;
				GCC_WARN_ABOUT_RETURN_TYPE = YES_ERROR;
				GCC_WARN_UNDECLARED_SELECTOR = YES;
				GCC_WARN_UNINITIALIZED_AUTOS = YES;
				GCC_WARN_UNUSED_FUNCTION = YES;
				GCC_WARN_UNUSED_VARIABLE = YES;
				IPHONEOS_DEPLOYMENT_TARGET = 6.0;
				ONLY_ACTIVE_ARCH = YES;
				SDKROOT = iphoneos;
				TARGETED_DEVICE_FAMILY = "1,2";
			};
			name = Debug;
		};
		2C2AC454184FA38F00C1D6E2 /* Release */ = {
			isa = XCBuildConfiguration;
			buildSettings = {
				ALWAYS_SEARCH_USER_PATHS = NO;
				CLANG_CXX_LANGUAGE_STANDARD = "gnu++0x";
				CLANG_CXX_LIBRARY = "libc++";
				CLANG_ENABLE_MODULES = YES;
				CLANG_ENABLE_OBJC_ARC = YES;
				CLANG_WARN_BOOL_CONVERSION = YES;
				CLANG_WARN_CONSTANT_CONVERSION = YES;
				CLANG_WARN_DIRECT_OBJC_ISA_USAGE = YES_ERROR;
				CLANG_WARN_EMPTY_BODY = YES;
				CLANG_WARN_ENUM_CONVERSION = YES;
				CLANG_WARN_INT_CONVERSION = YES;
				CLANG_WARN_OBJC_ROOT_CLASS = YES_ERROR;
				CLANG_WARN__DUPLICATE_METHOD_MATCH = YES;
				"CODE_SIGN_IDENTITY[sdk=iphoneos*]" = "iPhone Developer";
				COPY_PHASE_STRIP = YES;
				ENABLE_NS_ASSERTIONS = NO;
				GCC_C_LANGUAGE_STANDARD = gnu99;
				GCC_WARN_64_TO_32_BIT_CONVERSION = YES;
				GCC_WARN_ABOUT_RETURN_TYPE = YES_ERROR;
				GCC_WARN_UNDECLARED_SELECTOR = YES;
				GCC_WARN_UNINITIALIZED_AUTOS = YES;
				GCC_WARN_UNUSED_FUNCTION = YES;
				GCC_WARN_UNUSED_VARIABLE = YES;
				IPHONEOS_DEPLOYMENT_TARGET = 6.0;
				SDKROOT = iphoneos;
				TARGETED_DEVICE_FAMILY = "1,2";
				VALIDATE_PRODUCT = YES;
			};
			name = Release;
		};
		2C2AC456184FA38F00C1D6E2 /* Debug */ = {
			isa = XCBuildConfiguration;
			buildSettings = {
				ASSETCATALOG_COMPILER_APPICON_NAME = AppIcon;
				ASSETCATALOG_COMPILER_LAUNCHIMAGE_NAME = LaunchImage;
				CODE_SIGN_IDENTITY = "iPhone Developer";
				"CODE_SIGN_IDENTITY[sdk=iphoneos*]" = "iPhone Developer";
				GCC_PRECOMPILE_PREFIX_HEADER = YES;
				GCC_PREFIX_HEADER = "DemoKhipu/demo-ios-Prefix.pch";
				INFOPLIST_FILE = "DemoKhipu/demo-ios-Info.plist";
				PRODUCT_NAME = "$(TARGET_NAME)";
				PROVISIONING_PROFILE = "";
				WRAPPER_EXTENSION = app;
			};
			name = Debug;
		};
		2C2AC457184FA38F00C1D6E2 /* Release */ = {
			isa = XCBuildConfiguration;
			buildSettings = {
				ASSETCATALOG_COMPILER_APPICON_NAME = AppIcon;
				ASSETCATALOG_COMPILER_LAUNCHIMAGE_NAME = LaunchImage;
				CODE_SIGN_IDENTITY = "iPhone Developer";
				"CODE_SIGN_IDENTITY[sdk=iphoneos*]" = "iPhone Developer";
				GCC_PRECOMPILE_PREFIX_HEADER = YES;
				GCC_PREFIX_HEADER = "DemoKhipu/demo-ios-Prefix.pch";
				INFOPLIST_FILE = "DemoKhipu/demo-ios-Info.plist";
				PRODUCT_NAME = "$(TARGET_NAME)";
				PROVISIONING_PROFILE = "";
				WRAPPER_EXTENSION = app;
			};
			name = Release;
		};
/* End XCBuildConfiguration section */

/* Begin XCConfigurationList section */
		2C2AC41B184FA38E00C1D6E2 /* Build configuration list for PBXProject "demo-ios" */ = {
			isa = XCConfigurationList;
			buildConfigurations = (
				2C2AC453184FA38F00C1D6E2 /* Debug */,
				2C2AC454184FA38F00C1D6E2 /* Release */,
			);
			defaultConfigurationIsVisible = 0;
			defaultConfigurationName = Release;
		};
		2C2AC455184FA38F00C1D6E2 /* Build configuration list for PBXNativeTarget "Sabores Frescos" */ = {
			isa = XCConfigurationList;
			buildConfigurations = (
				2C2AC456184FA38F00C1D6E2 /* Debug */,
				2C2AC457184FA38F00C1D6E2 /* Release */,
			);
			defaultConfigurationIsVisible = 0;
			defaultConfigurationName = Release;
		};
/* End XCConfigurationList section */
	};
	rootObject = 2C2AC418184FA38E00C1D6E2 /* Project object */;
}
